PODS:
  - Alamofire (4.7.1)
  - DeployGateSDK (1.0.7)
  - PromiseKit/Alamofire (6.2.3):
    - Alamofire (~> 4.0)
    - PromiseKit/CorePromise
  - PromiseKit/CorePromise (6.2.3)

DEPENDENCIES:
  - Alamofire (~> 4.7)
  - DeployGateSDK
  - PromiseKit/Alamofire (~> 6.0)

SPEC CHECKSUMS:
  Alamofire: 68d7d521118d49c615a8d2214d87cdf525599d30
  DeployGateSDK: df3d5838db7e35c05a711c35a3bdeef3c2b016ba
  PromiseKit: 62f37bb4900a9b0b7550d017e41497171d93face

PODFILE CHECKSUM: 67565698c70bb453dbac0729d6790814a9032cf0

COCOAPODS: 1.4.0
