// !$*UTF8*$!
{
	archiveVersion = 1;
	classes = {
	};
	objectVersion = 50;
	objects = {

/* Begin PBXBuildFile section */
		59CB22EFD3190E8B883FAA01 /* Pods_Buddhist_ChordsTests.framework in Frameworks */ = {isa = PBXBuildFile; fileRef = 450902C7AD9CD4E69817CE8C /* Pods_Buddhist_ChordsTests.framework */; };
		65013CF9209159F800149006 /* InitializeExtensions.swift in Sources */ = {isa = PBXBuildFile; fileRef = 65013CF8209159F800149006 /* InitializeExtensions.swift */; };
		6509C02E208E483B00AD77EF /* RealmConfig.swift in Sources */ = {isa = PBXBuildFile; fileRef = 6509C02C208E483B00AD77EF /* RealmConfig.swift */; };
		6509C02F208E483B00AD77EF /* SongResponse.swift in Sources */ = {isa = PBXBuildFile; fileRef = 6509C02D208E483B00AD77EF /* SongResponse.swift */; };
		6509C033208E49CC00AD77EF /* URL+.swift in Sources */ = {isa = PBXBuildFile; fileRef = 6509C032208E49CC00AD77EF /* URL+.swift */; };
		65307F1C20824AEC005983D3 /* SongTableCell.swift in Sources */ = {isa = PBXBuildFile; fileRef = 65307F1B20824AEC005983D3 /* SongTableCell.swift */; };
		65307F2020824B3A005983D3 /* SongTableCell.xib in Resources */ = {isa = PBXBuildFile; fileRef = 65307F1F20824B3A005983D3 /* SongTableCell.xib */; };
		65638A0A2090385400BE04D1 /* Common.swift in Sources */ = {isa = PBXBuildFile; fileRef = 65638A092090385400BE04D1 /* Common.swift */; };
		65638A0C209060A500BE04D1 /* User.swift in Sources */ = {isa = PBXBuildFile; fileRef = 65638A0B209060A500BE04D1 /* User.swift */; };
		659D3AB3207BB051001EB2F8 /* AppDelegate.swift in Sources */ = {isa = PBXBuildFile; fileRef = 659D3AB2207BB051001EB2F8 /* AppDelegate.swift */; };
		659D3AB8207BB051001EB2F8 /* Main.storyboard in Resources */ = {isa = PBXBuildFile; fileRef = 659D3AB6207BB051001EB2F8 /* Main.storyboard */; };
		659D3ABA207BB052001EB2F8 /* Assets.xcassets in Resources */ = {isa = PBXBuildFile; fileRef = 659D3AB9207BB052001EB2F8 /* Assets.xcassets */; };
		659D3ABD207BB052001EB2F8 /* LaunchScreen.storyboard in Resources */ = {isa = PBXBuildFile; fileRef = 659D3ABB207BB052001EB2F8 /* LaunchScreen.storyboard */; };
		659D3AC8207BB053001EB2F8 /* Buddhist_ChordsTests.swift in Sources */ = {isa = PBXBuildFile; fileRef = 659D3AC7207BB053001EB2F8 /* Buddhist_ChordsTests.swift */; };
		659D3AD3207BB053001EB2F8 /* Buddhist_ChordsUITests.swift in Sources */ = {isa = PBXBuildFile; fileRef = 659D3AD2207BB053001EB2F8 /* Buddhist_ChordsUITests.swift */; };
		65A23F25208260C500B67A0A /* UIApplication+Setup.swift in Sources */ = {isa = PBXBuildFile; fileRef = 65A23F24208260C500B67A0A /* UIApplication+Setup.swift */; };
		65A23F272082662600B67A0A /* SongViewController.swift in Sources */ = {isa = PBXBuildFile; fileRef = 65A23F262082662600B67A0A /* SongViewController.swift */; };
		65A23F2A208266D100B67A0A /* sample.html in Resources */ = {isa = PBXBuildFile; fileRef = 65A23F29208266D100B67A0A /* sample.html */; };
		65A5510C207BB2DD00F20DC8 /* APIClient.swift in Sources */ = {isa = PBXBuildFile; fileRef = 65A5510B207BB2DD00F20DC8 /* APIClient.swift */; };
		65A5510E207BB38300F20DC8 /* SongsRepository.swift in Sources */ = {isa = PBXBuildFile; fileRef = 65A5510D207BB38300F20DC8 /* SongsRepository.swift */; };
		65A55114207BB42800F20DC8 /* AppConfig.swift in Sources */ = {isa = PBXBuildFile; fileRef = 65A55113207BB42800F20DC8 /* AppConfig.swift */; };
		65CF615020917171003AD55A /* Localizable.strings in Resources */ = {isa = PBXBuildFile; fileRef = 65CF614E20917171003AD55A /* Localizable.strings */; };
		65D30B6E209F558C00CA0A6D /* InfoPlist.strings in Resources */ = {isa = PBXBuildFile; fileRef = 65D30B6C209F558C00CA0A6D /* InfoPlist.strings */; };
		65D30B71209F558C00CA0A6D /* InfoPlist.strings in Resources */ = {isa = PBXBuildFile; fileRef = 65D30B6F209F558C00CA0A6D /* InfoPlist.strings */; };
		65D5540B20907B87005D96C6 /* UIAlertController+.swift in Sources */ = {isa = PBXBuildFile; fileRef = 65D5540A20907B87005D96C6 /* UIAlertController+.swift */; };
		65D5540D20908E49005D96C6 /* UIBarButtonItem+.swift in Sources */ = {isa = PBXBuildFile; fileRef = 65D5540C20908E49005D96C6 /* UIBarButtonItem+.swift */; };
		65D55410209096BE005D96C6 /* BarButtonItemBuilder.swift in Sources */ = {isa = PBXBuildFile; fileRef = 65D5540F209096BE005D96C6 /* BarButtonItemBuilder.swift */; };
		65E5B3E42092B65C0040BD48 /* InfoPlist.strings in Resources */ = {isa = PBXBuildFile; fileRef = 65E5B3E22092B65C0040BD48 /* InfoPlist.strings */; };
		65F588B42081F19200883B78 /* SongLanguage.swift in Sources */ = {isa = PBXBuildFile; fileRef = 65F588B32081F19200883B78 /* SongLanguage.swift */; };
		65F588B62081F6CA00883B78 /* RemoteListViewModel.swift in Sources */ = {isa = PBXBuildFile; fileRef = 65F588B52081F6CA00883B78 /* RemoteListViewModel.swift */; };
		65F588B82081F6D800883B78 /* FavoriteListViewModel.swift in Sources */ = {isa = PBXBuildFile; fileRef = 65F588B72081F6D800883B78 /* FavoriteListViewModel.swift */; };
		65F588BC2081F95C00883B78 /* ChordsAPI.swift in Sources */ = {isa = PBXBuildFile; fileRef = 65F588BB2081F95C00883B78 /* ChordsAPI.swift */; };
		65F588BE2081F9DE00883B78 /* SongsListViewController.swift in Sources */ = {isa = PBXBuildFile; fileRef = 65F588BD2081F9DE00883B78 /* SongsListViewController.swift */; };
		65FE95EB209E03DD00647887 /* SearchViewController.swift in Sources */ = {isa = PBXBuildFile; fileRef = 65FE95EA209E03DD00647887 /* SearchViewController.swift */; };
		65FE95ED209E03F700647887 /* SearchViewModel.swift in Sources */ = {isa = PBXBuildFile; fileRef = 65FE95EC209E03F700647887 /* SearchViewModel.swift */; };
		65FE95EF209E9A1F00647887 /* UIImage+.swift in Sources */ = {isa = PBXBuildFile; fileRef = 65FE95EE209E9A1F00647887 /* UIImage+.swift */; };
		B906CE83E4C34D11D0F3A9A3 /* Pods_Buddhist_Chords.framework in Frameworks */ = {isa = PBXBuildFile; fileRef = A3BF17FE306ABEB8916D4324 /* Pods_Buddhist_Chords.framework */; };
		C0B9B6DF4EA5797358278FA4 /* Pods_Buddhist_ChordsUITests.framework in Frameworks */ = {isa = PBXBuildFile; fileRef = BC1F26C729712317DC6C6496 /* Pods_Buddhist_ChordsUITests.framework */; };
/* End PBXBuildFile section */

/* Begin PBXContainerItemProxy section */
		659D3AC4207BB053001EB2F8 /* PBXContainerItemProxy */ = {
			isa = PBXContainerItemProxy;
			containerPortal = 659D3AA7207BB051001EB2F8 /* Project object */;
			proxyType = 1;
			remoteGlobalIDString = 659D3AAE207BB051001EB2F8;
			remoteInfo = "Buddhist Chords";
		};
		659D3ACF207BB053001EB2F8 /* PBXContainerItemProxy */ = {
			isa = PBXContainerItemProxy;
			containerPortal = 659D3AA7207BB051001EB2F8 /* Project object */;
			proxyType = 1;
			remoteGlobalIDString = 659D3AAE207BB051001EB2F8;
			remoteInfo = "Buddhist Chords";
		};
/* End PBXContainerItemProxy section */

/* Begin PBXFileReference section */
		18B7B89F97AF5DF1CDA458A5 /* Pods-Buddhist ChordsUITests.debug.xcconfig */ = {isa = PBXFileReference; includeInIndex = 1; lastKnownFileType = text.xcconfig; name = "Pods-Buddhist ChordsUITests.debug.xcconfig"; path = "Pods/Target Support Files/Pods-Buddhist ChordsUITests/Pods-Buddhist ChordsUITests.debug.xcconfig"; sourceTree = "<group>"; };
		3B0DE4D5E190ECF51DB2EBE2 /* Pods-Buddhist ChordsTests.debug.xcconfig */ = {isa = PBXFileReference; includeInIndex = 1; lastKnownFileType = text.xcconfig; name = "Pods-Buddhist ChordsTests.debug.xcconfig"; path = "Pods/Target Support Files/Pods-Buddhist ChordsTests/Pods-Buddhist ChordsTests.debug.xcconfig"; sourceTree = "<group>"; };
		450902C7AD9CD4E69817CE8C /* Pods_Buddhist_ChordsTests.framework */ = {isa = PBXFileReference; explicitFileType = wrapper.framework; includeInIndex = 0; path = Pods_Buddhist_ChordsTests.framework; sourceTree = BUILT_PRODUCTS_DIR; };
		65013CF8209159F800149006 /* InitializeExtensions.swift */ = {isa = PBXFileReference; fileEncoding = 4; lastKnownFileType = sourcecode.swift; path = InitializeExtensions.swift; sourceTree = "<group>"; };
		6509C02C208E483B00AD77EF /* RealmConfig.swift */ = {isa = PBXFileReference; fileEncoding = 4; lastKnownFileType = sourcecode.swift; path = RealmConfig.swift; sourceTree = "<group>"; };
		6509C02D208E483B00AD77EF /* SongResponse.swift */ = {isa = PBXFileReference; fileEncoding = 4; lastKnownFileType = sourcecode.swift; path = SongResponse.swift; sourceTree = "<group>"; };
		6509C032208E49CC00AD77EF /* URL+.swift */ = {isa = PBXFileReference; fileEncoding = 4; lastKnownFileType = sourcecode.swift; path = "URL+.swift"; sourceTree = "<group>"; };
		65307F1B20824AEC005983D3 /* SongTableCell.swift */ = {isa = PBXFileReference; lastKnownFileType = sourcecode.swift; path = SongTableCell.swift; sourceTree = "<group>"; };
		65307F1F20824B3A005983D3 /* SongTableCell.xib */ = {isa = PBXFileReference; lastKnownFileType = file.xib; path = SongTableCell.xib; sourceTree = "<group>"; };
		65638A092090385400BE04D1 /* Common.swift */ = {isa = PBXFileReference; lastKnownFileType = sourcecode.swift; path = Common.swift; sourceTree = "<group>"; };
		65638A0B209060A500BE04D1 /* User.swift */ = {isa = PBXFileReference; lastKnownFileType = sourcecode.swift; path = User.swift; sourceTree = "<group>"; };
		6573AD952091729E004171EC /* vi */ = {isa = PBXFileReference; lastKnownFileType = text.plist.strings; name = vi; path = vi.lproj/Localizable.strings; sourceTree = "<group>"; };
		659D3AAF207BB051001EB2F8 /* Buddhist Chords.app */ = {isa = PBXFileReference; explicitFileType = wrapper.application; includeInIndex = 0; path = "Buddhist Chords.app"; sourceTree = BUILT_PRODUCTS_DIR; };
		659D3AB2207BB051001EB2F8 /* AppDelegate.swift */ = {isa = PBXFileReference; lastKnownFileType = sourcecode.swift; path = AppDelegate.swift; sourceTree = "<group>"; };
		659D3AB7207BB051001EB2F8 /* Base */ = {isa = PBXFileReference; lastKnownFileType = file.storyboard; name = Base; path = Base.lproj/Main.storyboard; sourceTree = "<group>"; };
		659D3AB9207BB052001EB2F8 /* Assets.xcassets */ = {isa = PBXFileReference; lastKnownFileType = folder.assetcatalog; path = Assets.xcassets; sourceTree = "<group>"; };
		659D3ABC207BB052001EB2F8 /* Base */ = {isa = PBXFileReference; lastKnownFileType = file.storyboard; name = Base; path = Base.lproj/LaunchScreen.storyboard; sourceTree = "<group>"; };
		659D3ABE207BB052001EB2F8 /* Info.plist */ = {isa = PBXFileReference; lastKnownFileType = text.plist.xml; path = Info.plist; sourceTree = "<group>"; };
		659D3AC3207BB053001EB2F8 /* Buddhist ChordsTests.xctest */ = {isa = PBXFileReference; explicitFileType = wrapper.cfbundle; includeInIndex = 0; path = "Buddhist ChordsTests.xctest"; sourceTree = BUILT_PRODUCTS_DIR; };
		659D3AC7207BB053001EB2F8 /* Buddhist_ChordsTests.swift */ = {isa = PBXFileReference; lastKnownFileType = sourcecode.swift; path = Buddhist_ChordsTests.swift; sourceTree = "<group>"; };
		659D3AC9207BB053001EB2F8 /* Info.plist */ = {isa = PBXFileReference; lastKnownFileType = text.plist.xml; path = Info.plist; sourceTree = "<group>"; };
		659D3ACE207BB053001EB2F8 /* Buddhist ChordsUITests.xctest */ = {isa = PBXFileReference; explicitFileType = wrapper.cfbundle; includeInIndex = 0; path = "Buddhist ChordsUITests.xctest"; sourceTree = BUILT_PRODUCTS_DIR; };
		659D3AD2207BB053001EB2F8 /* Buddhist_ChordsUITests.swift */ = {isa = PBXFileReference; lastKnownFileType = sourcecode.swift; path = Buddhist_ChordsUITests.swift; sourceTree = "<group>"; };
		659D3AD4207BB053001EB2F8 /* Info.plist */ = {isa = PBXFileReference; lastKnownFileType = text.plist.xml; path = Info.plist; sourceTree = "<group>"; };
		65A23F24208260C500B67A0A /* UIApplication+Setup.swift */ = {isa = PBXFileReference; lastKnownFileType = sourcecode.swift; path = "UIApplication+Setup.swift"; sourceTree = "<group>"; };
		65A23F262082662600B67A0A /* SongViewController.swift */ = {isa = PBXFileReference; lastKnownFileType = sourcecode.swift; path = SongViewController.swift; sourceTree = "<group>"; };
		65A23F29208266D100B67A0A /* sample.html */ = {isa = PBXFileReference; lastKnownFileType = text.html; path = sample.html; sourceTree = "<group>"; };
		65A5510B207BB2DD00F20DC8 /* APIClient.swift */ = {isa = PBXFileReference; fileEncoding = 4; lastKnownFileType = sourcecode.swift; path = APIClient.swift; sourceTree = "<group>"; };
		65A5510D207BB38300F20DC8 /* SongsRepository.swift */ = {isa = PBXFileReference; lastKnownFileType = sourcecode.swift; path = SongsRepository.swift; sourceTree = "<group>"; };
		65A55113207BB42800F20DC8 /* AppConfig.swift */ = {isa = PBXFileReference; lastKnownFileType = sourcecode.swift; path = AppConfig.swift; sourceTree = "<group>"; };
		65CF6151209171F2003AD55A /* Base */ = {isa = PBXFileReference; lastKnownFileType = text.plist.strings; name = Base; path = Base.lproj/Localizable.strings; sourceTree = "<group>"; };
		65D30B6D209F558C00CA0A6D /* vi */ = {isa = PBXFileReference; lastKnownFileType = text.plist.strings; name = vi; path = vi.lproj/InfoPlist.strings; sourceTree = "<group>"; };
		65D30B70209F558C00CA0A6D /* vi */ = {isa = PBXFileReference; lastKnownFileType = text.plist.strings; name = vi; path = vi.lproj/InfoPlist.strings; sourceTree = "<group>"; };
		65D5540A20907B87005D96C6 /* UIAlertController+.swift */ = {isa = PBXFileReference; lastKnownFileType = sourcecode.swift; path = "UIAlertController+.swift"; sourceTree = "<group>"; };
		65D5540C20908E49005D96C6 /* UIBarButtonItem+.swift */ = {isa = PBXFileReference; lastKnownFileType = sourcecode.swift; path = "UIBarButtonItem+.swift"; sourceTree = "<group>"; };
		65D5540F209096BE005D96C6 /* BarButtonItemBuilder.swift */ = {isa = PBXFileReference; lastKnownFileType = sourcecode.swift; path = BarButtonItemBuilder.swift; sourceTree = "<group>"; };
		65E5B3E32092B65C0040BD48 /* vi */ = {isa = PBXFileReference; lastKnownFileType = text.plist.strings; name = vi; path = vi.lproj/InfoPlist.strings; sourceTree = "<group>"; };
		65F588B32081F19200883B78 /* SongLanguage.swift */ = {isa = PBXFileReference; lastKnownFileType = sourcecode.swift; path = SongLanguage.swift; sourceTree = "<group>"; };
		65F588B52081F6CA00883B78 /* RemoteListViewModel.swift */ = {isa = PBXFileReference; lastKnownFileType = sourcecode.swift; path = RemoteListViewModel.swift; sourceTree = "<group>"; };
		65F588B72081F6D800883B78 /* FavoriteListViewModel.swift */ = {isa = PBXFileReference; lastKnownFileType = sourcecode.swift; path = FavoriteListViewModel.swift; sourceTree = "<group>"; };
		65F588BB2081F95C00883B78 /* ChordsAPI.swift */ = {isa = PBXFileReference; lastKnownFileType = sourcecode.swift; path = ChordsAPI.swift; sourceTree = "<group>"; };
		65F588BD2081F9DE00883B78 /* SongsListViewController.swift */ = {isa = PBXFileReference; lastKnownFileType = sourcecode.swift; path = SongsListViewController.swift; sourceTree = "<group>"; };
		65FE95EA209E03DD00647887 /* SearchViewController.swift */ = {isa = PBXFileReference; lastKnownFileType = sourcecode.swift; path = SearchViewController.swift; sourceTree = "<group>"; };
		65FE95EC209E03F700647887 /* SearchViewModel.swift */ = {isa = PBXFileReference; lastKnownFileType = sourcecode.swift; path = SearchViewModel.swift; sourceTree = "<group>"; };
		65FE95EE209E9A1F00647887 /* UIImage+.swift */ = {isa = PBXFileReference; lastKnownFileType = sourcecode.swift; path = "UIImage+.swift"; sourceTree = "<group>"; };
		6D3EC3BCC4B7AE57A5398645 /* Pods-Buddhist Chords.release.xcconfig */ = {isa = PBXFileReference; includeInIndex = 1; lastKnownFileType = text.xcconfig; name = "Pods-Buddhist Chords.release.xcconfig"; path = "Pods/Target Support Files/Pods-Buddhist Chords/Pods-Buddhist Chords.release.xcconfig"; sourceTree = "<group>"; };
		A3BF17FE306ABEB8916D4324 /* Pods_Buddhist_Chords.framework */ = {isa = PBXFileReference; explicitFileType = wrapper.framework; includeInIndex = 0; path = Pods_Buddhist_Chords.framework; sourceTree = BUILT_PRODUCTS_DIR; };
		B39746B72D6FB97012F9754F /* Pods-Buddhist Chords.debug.xcconfig */ = {isa = PBXFileReference; includeInIndex = 1; lastKnownFileType = text.xcconfig; name = "Pods-Buddhist Chords.debug.xcconfig"; path = "Pods/Target Support Files/Pods-Buddhist Chords/Pods-Buddhist Chords.debug.xcconfig"; sourceTree = "<group>"; };
		BC1F26C729712317DC6C6496 /* Pods_Buddhist_ChordsUITests.framework */ = {isa = PBXFileReference; explicitFileType = wrapper.framework; includeInIndex = 0; path = Pods_Buddhist_ChordsUITests.framework; sourceTree = BUILT_PRODUCTS_DIR; };
		D863956532734076DCA4B1CC /* Pods-Buddhist ChordsUITests.release.xcconfig */ = {isa = PBXFileReference; includeInIndex = 1; lastKnownFileType = text.xcconfig; name = "Pods-Buddhist ChordsUITests.release.xcconfig"; path = "Pods/Target Support Files/Pods-Buddhist ChordsUITests/Pods-Buddhist ChordsUITests.release.xcconfig"; sourceTree = "<group>"; };
		DFBFF889E575ADE057B38D67 /* Pods-Buddhist ChordsTests.release.xcconfig */ = {isa = PBXFileReference; includeInIndex = 1; lastKnownFileType = text.xcconfig; name = "Pods-Buddhist ChordsTests.release.xcconfig"; path = "Pods/Target Support Files/Pods-Buddhist ChordsTests/Pods-Buddhist ChordsTests.release.xcconfig"; sourceTree = "<group>"; };
/* End PBXFileReference section */

/* Begin PBXFrameworksBuildPhase section */
		659D3AAC207BB051001EB2F8 /* Frameworks */ = {
			isa = PBXFrameworksBuildPhase;
			buildActionMask = 2147483647;
			files = (
				B906CE83E4C34D11D0F3A9A3 /* Pods_Buddhist_Chords.framework in Frameworks */,
			);
			runOnlyForDeploymentPostprocessing = 0;
		};
		659D3AC0207BB053001EB2F8 /* Frameworks */ = {
			isa = PBXFrameworksBuildPhase;
			buildActionMask = 2147483647;
			files = (
				59CB22EFD3190E8B883FAA01 /* Pods_Buddhist_ChordsTests.framework in Frameworks */,
			);
			runOnlyForDeploymentPostprocessing = 0;
		};
		659D3ACB207BB053001EB2F8 /* Frameworks */ = {
			isa = PBXFrameworksBuildPhase;
			buildActionMask = 2147483647;
			files = (
				C0B9B6DF4EA5797358278FA4 /* Pods_Buddhist_ChordsUITests.framework in Frameworks */,
			);
			runOnlyForDeploymentPostprocessing = 0;
		};
/* End PBXFrameworksBuildPhase section */

/* Begin PBXGroup section */
		1C8B4E9F5BD41184F36CB3F2 /* Frameworks */ = {
			isa = PBXGroup;
			children = (
				A3BF17FE306ABEB8916D4324 /* Pods_Buddhist_Chords.framework */,
				450902C7AD9CD4E69817CE8C /* Pods_Buddhist_ChordsTests.framework */,
				BC1F26C729712317DC6C6496 /* Pods_Buddhist_ChordsUITests.framework */,
			);
			name = Frameworks;
			sourceTree = "<group>";
		};
		4C2D58836AA8C7109E400F7A /* Pods */ = {
			isa = PBXGroup;
			children = (
				B39746B72D6FB97012F9754F /* Pods-Buddhist Chords.debug.xcconfig */,
				6D3EC3BCC4B7AE57A5398645 /* Pods-Buddhist Chords.release.xcconfig */,
				3B0DE4D5E190ECF51DB2EBE2 /* Pods-Buddhist ChordsTests.debug.xcconfig */,
				DFBFF889E575ADE057B38D67 /* Pods-Buddhist ChordsTests.release.xcconfig */,
				18B7B89F97AF5DF1CDA458A5 /* Pods-Buddhist ChordsUITests.debug.xcconfig */,
				D863956532734076DCA4B1CC /* Pods-Buddhist ChordsUITests.release.xcconfig */,
			);
			name = Pods;
			sourceTree = "<group>";
		};
		6509C031208E49AE00AD77EF /* Extensions */ = {
			isa = PBXGroup;
			children = (
				6509C032208E49CC00AD77EF /* URL+.swift */,
				65D5540A20907B87005D96C6 /* UIAlertController+.swift */,
				65D5540C20908E49005D96C6 /* UIBarButtonItem+.swift */,
				65013CF8209159F800149006 /* InitializeExtensions.swift */,
				65FE95EE209E9A1F00647887 /* UIImage+.swift */,
			);
			path = Extensions;
			sourceTree = "<group>";
		};
		65307F1920824AAB005983D3 /* Views */ = {
			isa = PBXGroup;
			children = (
				65307F1A20824AC6005983D3 /* Cells */,
			);
			path = Views;
			sourceTree = "<group>";
		};
		65307F1A20824AC6005983D3 /* Cells */ = {
			isa = PBXGroup;
			children = (
				65307F1B20824AEC005983D3 /* SongTableCell.swift */,
				65307F1F20824B3A005983D3 /* SongTableCell.xib */,
			);
			path = Cells;
			sourceTree = "<group>";
		};
		659D3AA6207BB051001EB2F8 = {
			isa = PBXGroup;
			children = (
				659D3AB1207BB051001EB2F8 /* Buddhist Chords */,
				659D3AC6207BB053001EB2F8 /* Buddhist ChordsTests */,
				659D3AD1207BB053001EB2F8 /* Buddhist ChordsUITests */,
				659D3AB0207BB051001EB2F8 /* Products */,
				4C2D58836AA8C7109E400F7A /* Pods */,
				1C8B4E9F5BD41184F36CB3F2 /* Frameworks */,
			);
			sourceTree = "<group>";
		};
		659D3AB0207BB051001EB2F8 /* Products */ = {
			isa = PBXGroup;
			children = (
				659D3AAF207BB051001EB2F8 /* Buddhist Chords.app */,
				659D3AC3207BB053001EB2F8 /* Buddhist ChordsTests.xctest */,
				659D3ACE207BB053001EB2F8 /* Buddhist ChordsUITests.xctest */,
			);
			name = Products;
			sourceTree = "<group>";
		};
		659D3AB1207BB051001EB2F8 /* Buddhist Chords */ = {
			isa = PBXGroup;
			children = (
				659D3AB2207BB051001EB2F8 /* AppDelegate.swift */,
				65A23F24208260C500B67A0A /* UIApplication+Setup.swift */,
				65A55113207BB42800F20DC8 /* AppConfig.swift */,
				65638A092090385400BE04D1 /* Common.swift */,
				65F588B22081F02100883B78 /* View Controllers */,
				65307F1920824AAB005983D3 /* Views */,
				65F588B12081F01800883B78 /* ViewModels */,
				65A55106207BB25F00F20DC8 /* Repositories */,
				65A55107207BB26B00F20DC8 /* Models */,
				65A55108207BB27F00F20DC8 /* Networking */,
				6509C031208E49AE00AD77EF /* Extensions */,
				65D5540E2090969A005D96C6 /* Utilities */,
				65A23F28208266AC00B67A0A /* Resource */,
				659D3AB6207BB051001EB2F8 /* Main.storyboard */,
				659D3AB9207BB052001EB2F8 /* Assets.xcassets */,
				659D3ABB207BB052001EB2F8 /* LaunchScreen.storyboard */,
				659D3ABE207BB052001EB2F8 /* Info.plist */,
				65E5B3E22092B65C0040BD48 /* InfoPlist.strings */,
				65CF614E20917171003AD55A /* Localizable.strings */,
			);
			path = "Buddhist Chords";
			sourceTree = "<group>";
		};
		659D3AC6207BB053001EB2F8 /* Buddhist ChordsTests */ = {
			isa = PBXGroup;
			children = (
				659D3AC7207BB053001EB2F8 /* Buddhist_ChordsTests.swift */,
				659D3AC9207BB053001EB2F8 /* Info.plist */,
				65D30B6C209F558C00CA0A6D /* InfoPlist.strings */,
			);
			path = "Buddhist ChordsTests";
			sourceTree = "<group>";
		};
		659D3AD1207BB053001EB2F8 /* Buddhist ChordsUITests */ = {
			isa = PBXGroup;
			children = (
				659D3AD2207BB053001EB2F8 /* Buddhist_ChordsUITests.swift */,
				659D3AD4207BB053001EB2F8 /* Info.plist */,
				65D30B6F209F558C00CA0A6D /* InfoPlist.strings */,
			);
			path = "Buddhist ChordsUITests";
			sourceTree = "<group>";
		};
		65A23F28208266AC00B67A0A /* Resource */ = {
			isa = PBXGroup;
			children = (
				65A23F29208266D100B67A0A /* sample.html */,
			);
			path = Resource;
			sourceTree = "<group>";
		};
		65A55106207BB25F00F20DC8 /* Repositories */ = {
			isa = PBXGroup;
			children = (
				65A5510D207BB38300F20DC8 /* SongsRepository.swift */,
			);
			path = Repositories;
			sourceTree = "<group>";
		};
		65A55107207BB26B00F20DC8 /* Models */ = {
			isa = PBXGroup;
			children = (
				6509C02C208E483B00AD77EF /* RealmConfig.swift */,
				6509C02D208E483B00AD77EF /* SongResponse.swift */,
				65F588B32081F19200883B78 /* SongLanguage.swift */,
				65638A0B209060A500BE04D1 /* User.swift */,
			);
			path = Models;
			sourceTree = "<group>";
		};
		65A55108207BB27F00F20DC8 /* Networking */ = {
			isa = PBXGroup;
			children = (
				65A5510B207BB2DD00F20DC8 /* APIClient.swift */,
				65F588BB2081F95C00883B78 /* ChordsAPI.swift */,
			);
			path = Networking;
			sourceTree = "<group>";
		};
		65D5540E2090969A005D96C6 /* Utilities */ = {
			isa = PBXGroup;
			children = (
				65D5540F209096BE005D96C6 /* BarButtonItemBuilder.swift */,
			);
			path = Utilities;
			sourceTree = "<group>";
		};
		65F588B12081F01800883B78 /* ViewModels */ = {
			isa = PBXGroup;
			children = (
				65F588B52081F6CA00883B78 /* RemoteListViewModel.swift */,
				65F588B72081F6D800883B78 /* FavoriteListViewModel.swift */,
				65FE95EC209E03F700647887 /* SearchViewModel.swift */,
			);
			path = ViewModels;
			sourceTree = "<group>";
		};
		65F588B22081F02100883B78 /* View Controllers */ = {
			isa = PBXGroup;
			children = (
				65F588BD2081F9DE00883B78 /* SongsListViewController.swift */,
				65A23F262082662600B67A0A /* SongViewController.swift */,
				65FE95EA209E03DD00647887 /* SearchViewController.swift */,
			);
			path = "View Controllers";
			sourceTree = "<group>";
		};
/* End PBXGroup section */

/* Begin PBXNativeTarget section */
		659D3AAE207BB051001EB2F8 /* Buddhist Chords */ = {
			isa = PBXNativeTarget;
			buildConfigurationList = 659D3AD7207BB053001EB2F8 /* Build configuration list for PBXNativeTarget "Buddhist Chords" */;
			buildPhases = (
				BC2F3C3DF4170DE4D8EEF9DC /* [CP] Check Pods Manifest.lock */,
				659D3AAB207BB051001EB2F8 /* Sources */,
				659D3AAC207BB051001EB2F8 /* Frameworks */,
				659D3AAD207BB051001EB2F8 /* Resources */,
				55F2952CF0C8DD78A37298FF /* [CP] Embed Pods Frameworks */,
				568627335F9D5CE540FE4081 /* [CP] Copy Pods Resources */,
				6531AB56209BF69F00359D39 /* ShellScript */,
			);
			buildRules = (
			);
			dependencies = (
			);
			name = "Buddhist Chords";
			productName = "Buddhist Chords";
			productReference = 659D3AAF207BB051001EB2F8 /* Buddhist Chords.app */;
			productType = "com.apple.product-type.application";
		};
		659D3AC2207BB053001EB2F8 /* Buddhist ChordsTests */ = {
			isa = PBXNativeTarget;
			buildConfigurationList = 659D3ADA207BB053001EB2F8 /* Build configuration list for PBXNativeTarget "Buddhist ChordsTests" */;
			buildPhases = (
				BB5512185CA57C667BB49AAA /* [CP] Check Pods Manifest.lock */,
				659D3ABF207BB053001EB2F8 /* Sources */,
				659D3AC0207BB053001EB2F8 /* Frameworks */,
				659D3AC1207BB053001EB2F8 /* Resources */,
				1B46CE0C6E2AC1F9C7570BAC /* [CP] Embed Pods Frameworks */,
				9F81CEBCAB63DA4F4DC96A74 /* [CP] Copy Pods Resources */,
			);
			buildRules = (
			);
			dependencies = (
				659D3AC5207BB053001EB2F8 /* PBXTargetDependency */,
			);
			name = "Buddhist ChordsTests";
			productName = "Buddhist ChordsTests";
			productReference = 659D3AC3207BB053001EB2F8 /* Buddhist ChordsTests.xctest */;
			productType = "com.apple.product-type.bundle.unit-test";
		};
		659D3ACD207BB053001EB2F8 /* Buddhist ChordsUITests */ = {
			isa = PBXNativeTarget;
			buildConfigurationList = 659D3ADD207BB053001EB2F8 /* Build configuration list for PBXNativeTarget "Buddhist ChordsUITests" */;
			buildPhases = (
				C0BE15F0D658D73F843073F7 /* [CP] Check Pods Manifest.lock */,
				659D3ACA207BB053001EB2F8 /* Sources */,
				659D3ACB207BB053001EB2F8 /* Frameworks */,
				659D3ACC207BB053001EB2F8 /* Resources */,
				AD6FC1DBE66236B365CF46DC /* [CP] Embed Pods Frameworks */,
				C6AF8FFF50DF1896EADF4E60 /* [CP] Copy Pods Resources */,
			);
			buildRules = (
			);
			dependencies = (
				659D3AD0207BB053001EB2F8 /* PBXTargetDependency */,
			);
			name = "Buddhist ChordsUITests";
			productName = "Buddhist ChordsUITests";
			productReference = 659D3ACE207BB053001EB2F8 /* Buddhist ChordsUITests.xctest */;
			productType = "com.apple.product-type.bundle.ui-testing";
		};
/* End PBXNativeTarget section */

/* Begin PBXProject section */
		659D3AA7207BB051001EB2F8 /* Project object */ = {
			isa = PBXProject;
			attributes = {
				LastSwiftUpdateCheck = 0930;
				LastUpgradeCheck = 0930;
				ORGANIZATIONNAME = iossimple;
				TargetAttributes = {
					659D3AAE207BB051001EB2F8 = {
						CreatedOnToolsVersion = 9.3;
					};
					659D3AC2207BB053001EB2F8 = {
						CreatedOnToolsVersion = 9.3;
						TestTargetID = 659D3AAE207BB051001EB2F8;
					};
					659D3ACD207BB053001EB2F8 = {
						CreatedOnToolsVersion = 9.3;
						TestTargetID = 659D3AAE207BB051001EB2F8;
					};
				};
			};
			buildConfigurationList = 659D3AAA207BB051001EB2F8 /* Build configuration list for PBXProject "Buddhist Chords" */;
			compatibilityVersion = "Xcode 9.3";
			developmentRegion = en;
			hasScannedForEncodings = 0;
			knownRegions = (
				en,
				Base,
				vi,
			);
			mainGroup = 659D3AA6207BB051001EB2F8;
			productRefGroup = 659D3AB0207BB051001EB2F8 /* Products */;
			projectDirPath = "";
			projectRoot = "";
			targets = (
				659D3AAE207BB051001EB2F8 /* Buddhist Chords */,
				659D3AC2207BB053001EB2F8 /* Buddhist ChordsTests */,
				659D3ACD207BB053001EB2F8 /* Buddhist ChordsUITests */,
			);
		};
/* End PBXProject section */

/* Begin PBXResourcesBuildPhase section */
		659D3AAD207BB051001EB2F8 /* Resources */ = {
			isa = PBXResourcesBuildPhase;
			buildActionMask = 2147483647;
			files = (
				659D3ABD207BB052001EB2F8 /* LaunchScreen.storyboard in Resources */,
				65E5B3E42092B65C0040BD48 /* InfoPlist.strings in Resources */,
				65307F2020824B3A005983D3 /* SongTableCell.xib in Resources */,
				65CF615020917171003AD55A /* Localizable.strings in Resources */,
				659D3ABA207BB052001EB2F8 /* Assets.xcassets in Resources */,
				65A23F2A208266D100B67A0A /* sample.html in Resources */,
				659D3AB8207BB051001EB2F8 /* Main.storyboard in Resources */,
			);
			runOnlyForDeploymentPostprocessing = 0;
		};
		659D3AC1207BB053001EB2F8 /* Resources */ = {
			isa = PBXResourcesBuildPhase;
			buildActionMask = 2147483647;
			files = (
				65D30B6E209F558C00CA0A6D /* InfoPlist.strings in Resources */,
			);
			runOnlyForDeploymentPostprocessing = 0;
		};
		659D3ACC207BB053001EB2F8 /* Resources */ = {
			isa = PBXResourcesBuildPhase;
			buildActionMask = 2147483647;
			files = (
				65D30B71209F558C00CA0A6D /* InfoPlist.strings in Resources */,
			);
			runOnlyForDeploymentPostprocessing = 0;
		};
/* End PBXResourcesBuildPhase section */

/* Begin PBXShellScriptBuildPhase section */
		1B46CE0C6E2AC1F9C7570BAC /* [CP] Embed Pods Frameworks */ = {
			isa = PBXShellScriptBuildPhase;
			buildActionMask = 2147483647;
			files = (
			);
			inputPaths = (
			);
			name = "[CP] Embed Pods Frameworks";
			outputPaths = (
			);
			runOnlyForDeploymentPostprocessing = 0;
			shellPath = /bin/sh;
			shellScript = "\"${SRCROOT}/Pods/Target Support Files/Pods-Buddhist ChordsTests/Pods-Buddhist ChordsTests-frameworks.sh\"\n";
			showEnvVarsInLog = 0;
		};
		55F2952CF0C8DD78A37298FF /* [CP] Embed Pods Frameworks */ = {
			isa = PBXShellScriptBuildPhase;
			buildActionMask = 2147483647;
			files = (
			);
			inputPaths = (
				"${SRCROOT}/Pods/Target Support Files/Pods-Buddhist Chords/Pods-Buddhist Chords-frameworks.sh",
				"${BUILT_PRODUCTS_DIR}/Alamofire/Alamofire.framework",
				"${BUILT_PRODUCTS_DIR}/DropDown/DropDown.framework",
				"${BUILT_PRODUCTS_DIR}/PromiseKit/PromiseKit.framework",
				"${BUILT_PRODUCTS_DIR}/Realm/Realm.framework",
				"${BUILT_PRODUCTS_DIR}/RealmSwift/RealmSwift.framework",
			);
			name = "[CP] Embed Pods Frameworks";
			outputPaths = (
				"${TARGET_BUILD_DIR}/${FRAMEWORKS_FOLDER_PATH}/Alamofire.framework",
				"${TARGET_BUILD_DIR}/${FRAMEWORKS_FOLDER_PATH}/DropDown.framework",
				"${TARGET_BUILD_DIR}/${FRAMEWORKS_FOLDER_PATH}/PromiseKit.framework",
				"${TARGET_BUILD_DIR}/${FRAMEWORKS_FOLDER_PATH}/Realm.framework",
				"${TARGET_BUILD_DIR}/${FRAMEWORKS_FOLDER_PATH}/RealmSwift.framework",
			);
			runOnlyForDeploymentPostprocessing = 0;
			shellPath = /bin/sh;
			shellScript = "\"${SRCROOT}/Pods/Target Support Files/Pods-Buddhist Chords/Pods-Buddhist Chords-frameworks.sh\"\n";
			showEnvVarsInLog = 0;
		};
		568627335F9D5CE540FE4081 /* [CP] Copy Pods Resources */ = {
			isa = PBXShellScriptBuildPhase;
			buildActionMask = 2147483647;
			files = (
			);
			inputPaths = (
				"${SRCROOT}/Pods/Target Support Files/Pods-Buddhist Chords/Pods-Buddhist Chords-resources.sh",
				"${PODS_ROOT}/DeployGateSDK/DeployGateSDK1.0.7.embeddedframework/DeployGateSDK.framework/Versions/A/Resources/en.lproj",
				"${PODS_ROOT}/DeployGateSDK/DeployGateSDK1.0.7.embeddedframework/DeployGateSDK.framework/Versions/A/Resources/ja.lproj",
			);
			name = "[CP] Copy Pods Resources";
			outputPaths = (
				"${TARGET_BUILD_DIR}/${UNLOCALIZED_RESOURCES_FOLDER_PATH}/en.lproj",
				"${TARGET_BUILD_DIR}/${UNLOCALIZED_RESOURCES_FOLDER_PATH}/ja.lproj",
			);
			runOnlyForDeploymentPostprocessing = 0;
			shellPath = /bin/sh;
			shellScript = "\"${SRCROOT}/Pods/Target Support Files/Pods-Buddhist Chords/Pods-Buddhist Chords-resources.sh\"\n";
			showEnvVarsInLog = 0;
		};
		6531AB56209BF69F00359D39 /* ShellScript */ = {
			isa = PBXShellScriptBuildPhase;
			buildActionMask = 2147483647;
			files = (
			);
			inputPaths = (
			);
			outputPaths = (
			);
			runOnlyForDeploymentPostprocessing = 0;
			shellPath = /bin/sh;
			shellScript = "\"${PODS_ROOT}/Fabric/run\" 30ccd8f2f3029dd9361921fa7b461c3624c91ad2 0470bb14ef8c527346c3d8bb8cf72129aeaf25d3339cc579911049fb3ae1e0af";
		};
		9F81CEBCAB63DA4F4DC96A74 /* [CP] Copy Pods Resources */ = {
			isa = PBXShellScriptBuildPhase;
			buildActionMask = 2147483647;
			files = (
			);
			inputPaths = (
			);
			name = "[CP] Copy Pods Resources";
			outputPaths = (
			);
			runOnlyForDeploymentPostprocessing = 0;
			shellPath = /bin/sh;
			shellScript = "\"${SRCROOT}/Pods/Target Support Files/Pods-Buddhist ChordsTests/Pods-Buddhist ChordsTests-resources.sh\"\n";
			showEnvVarsInLog = 0;
		};
		AD6FC1DBE66236B365CF46DC /* [CP] Embed Pods Frameworks */ = {
			isa = PBXShellScriptBuildPhase;
			buildActionMask = 2147483647;
			files = (
			);
			inputPaths = (
			);
			name = "[CP] Embed Pods Frameworks";
			outputPaths = (
			);
			runOnlyForDeploymentPostprocessing = 0;
			shellPath = /bin/sh;
			shellScript = "\"${SRCROOT}/Pods/Target Support Files/Pods-Buddhist ChordsUITests/Pods-Buddhist ChordsUITests-frameworks.sh\"\n";
			showEnvVarsInLog = 0;
		};
		BB5512185CA57C667BB49AAA /* [CP] Check Pods Manifest.lock */ = {
			isa = PBXShellScriptBuildPhase;
			buildActionMask = 2147483647;
			files = (
			);
			inputPaths = (
				"${PODS_PODFILE_DIR_PATH}/Podfile.lock",
				"${PODS_ROOT}/Manifest.lock",
			);
			name = "[CP] Check Pods Manifest.lock";
			outputPaths = (
				"$(DERIVED_FILE_DIR)/Pods-Buddhist ChordsTests-checkManifestLockResult.txt",
			);
			runOnlyForDeploymentPostprocessing = 0;
			shellPath = /bin/sh;
			shellScript = "diff \"${PODS_PODFILE_DIR_PATH}/Podfile.lock\" \"${PODS_ROOT}/Manifest.lock\" > /dev/null\nif [ $? != 0 ] ; then\n    # print error to STDERR\n    echo \"error: The sandbox is not in sync with the Podfile.lock. Run 'pod install' or update your CocoaPods installation.\" >&2\n    exit 1\nfi\n# This output is used by Xcode 'outputs' to avoid re-running this script phase.\necho \"SUCCESS\" > \"${SCRIPT_OUTPUT_FILE_0}\"\n";
			showEnvVarsInLog = 0;
		};
		BC2F3C3DF4170DE4D8EEF9DC /* [CP] Check Pods Manifest.lock */ = {
			isa = PBXShellScriptBuildPhase;
			buildActionMask = 2147483647;
			files = (
			);
			inputPaths = (
				"${PODS_PODFILE_DIR_PATH}/Podfile.lock",
				"${PODS_ROOT}/Manifest.lock",
			);
			name = "[CP] Check Pods Manifest.lock";
			outputPaths = (
				"$(DERIVED_FILE_DIR)/Pods-Buddhist Chords-checkManifestLockResult.txt",
			);
			runOnlyForDeploymentPostprocessing = 0;
			shellPath = /bin/sh;
			shellScript = "diff \"${PODS_PODFILE_DIR_PATH}/Podfile.lock\" \"${PODS_ROOT}/Manifest.lock\" > /dev/null\nif [ $? != 0 ] ; then\n    # print error to STDERR\n    echo \"error: The sandbox is not in sync with the Podfile.lock. Run 'pod install' or update your CocoaPods installation.\" >&2\n    exit 1\nfi\n# This output is used by Xcode 'outputs' to avoid re-running this script phase.\necho \"SUCCESS\" > \"${SCRIPT_OUTPUT_FILE_0}\"\n";
			showEnvVarsInLog = 0;
		};
		C0BE15F0D658D73F843073F7 /* [CP] Check Pods Manifest.lock */ = {
			isa = PBXShellScriptBuildPhase;
			buildActionMask = 2147483647;
			files = (
			);
			inputPaths = (
				"${PODS_PODFILE_DIR_PATH}/Podfile.lock",
				"${PODS_ROOT}/Manifest.lock",
			);
			name = "[CP] Check Pods Manifest.lock";
			outputPaths = (
				"$(DERIVED_FILE_DIR)/Pods-Buddhist ChordsUITests-checkManifestLockResult.txt",
			);
			runOnlyForDeploymentPostprocessing = 0;
			shellPath = /bin/sh;
			shellScript = "diff \"${PODS_PODFILE_DIR_PATH}/Podfile.lock\" \"${PODS_ROOT}/Manifest.lock\" > /dev/null\nif [ $? != 0 ] ; then\n    # print error to STDERR\n    echo \"error: The sandbox is not in sync with the Podfile.lock. Run 'pod install' or update your CocoaPods installation.\" >&2\n    exit 1\nfi\n# This output is used by Xcode 'outputs' to avoid re-running this script phase.\necho \"SUCCESS\" > \"${SCRIPT_OUTPUT_FILE_0}\"\n";
			showEnvVarsInLog = 0;
		};
		C6AF8FFF50DF1896EADF4E60 /* [CP] Copy Pods Resources */ = {
			isa = PBXShellScriptBuildPhase;
			buildActionMask = 2147483647;
			files = (
			);
			inputPaths = (
			);
			name = "[CP] Copy Pods Resources";
			outputPaths = (
			);
			runOnlyForDeploymentPostprocessing = 0;
			shellPath = /bin/sh;
			shellScript = "\"${SRCROOT}/Pods/Target Support Files/Pods-Buddhist ChordsUITests/Pods-Buddhist ChordsUITests-resources.sh\"\n";
			showEnvVarsInLog = 0;
		};
/* End PBXShellScriptBuildPhase section */

/* Begin PBXSourcesBuildPhase section */
		659D3AAB207BB051001EB2F8 /* Sources */ = {
			isa = PBXSourcesBuildPhase;
			buildActionMask = 2147483647;
			files = (
				65F588B42081F19200883B78 /* SongLanguage.swift in Sources */,
				6509C02E208E483B00AD77EF /* RealmConfig.swift in Sources */,
				65638A0A2090385400BE04D1 /* Common.swift in Sources */,
				6509C02F208E483B00AD77EF /* SongResponse.swift in Sources */,
				65013CF9209159F800149006 /* InitializeExtensions.swift in Sources */,
				65A5510E207BB38300F20DC8 /* SongsRepository.swift in Sources */,
				65D5540D20908E49005D96C6 /* UIBarButtonItem+.swift in Sources */,
				65F588B62081F6CA00883B78 /* RemoteListViewModel.swift in Sources */,
				65A55114207BB42800F20DC8 /* AppConfig.swift in Sources */,
				65F588B82081F6D800883B78 /* FavoriteListViewModel.swift in Sources */,
				65D5540B20907B87005D96C6 /* UIAlertController+.swift in Sources */,
				659D3AB3207BB051001EB2F8 /* AppDelegate.swift in Sources */,
				65FE95EB209E03DD00647887 /* SearchViewController.swift in Sources */,
				6509C033208E49CC00AD77EF /* URL+.swift in Sources */,
				65FE95ED209E03F700647887 /* SearchViewModel.swift in Sources */,
				65D55410209096BE005D96C6 /* BarButtonItemBuilder.swift in Sources */,
				65638A0C209060A500BE04D1 /* User.swift in Sources */,
				65A5510C207BB2DD00F20DC8 /* APIClient.swift in Sources */,
				65A23F25208260C500B67A0A /* UIApplication+Setup.swift in Sources */,
				65F588BE2081F9DE00883B78 /* SongsListViewController.swift in Sources */,
				65A23F272082662600B67A0A /* SongViewController.swift in Sources */,
				65FE95EF209E9A1F00647887 /* UIImage+.swift in Sources */,
				65F588BC2081F95C00883B78 /* ChordsAPI.swift in Sources */,
				65307F1C20824AEC005983D3 /* SongTableCell.swift in Sources */,
			);
			runOnlyForDeploymentPostprocessing = 0;
		};
		659D3ABF207BB053001EB2F8 /* Sources */ = {
			isa = PBXSourcesBuildPhase;
			buildActionMask = 2147483647;
			files = (
				659D3AC8207BB053001EB2F8 /* Buddhist_ChordsTests.swift in Sources */,
			);
			runOnlyForDeploymentPostprocessing = 0;
		};
		659D3ACA207BB053001EB2F8 /* Sources */ = {
			isa = PBXSourcesBuildPhase;
			buildActionMask = 2147483647;
			files = (
				659D3AD3207BB053001EB2F8 /* Buddhist_ChordsUITests.swift in Sources */,
			);
			runOnlyForDeploymentPostprocessing = 0;
		};
/* End PBXSourcesBuildPhase section */

/* Begin PBXTargetDependency section */
		659D3AC5207BB053001EB2F8 /* PBXTargetDependency */ = {
			isa = PBXTargetDependency;
			target = 659D3AAE207BB051001EB2F8 /* Buddhist Chords */;
			targetProxy = 659D3AC4207BB053001EB2F8 /* PBXContainerItemProxy */;
		};
		659D3AD0207BB053001EB2F8 /* PBXTargetDependency */ = {
			isa = PBXTargetDependency;
			target = 659D3AAE207BB051001EB2F8 /* Buddhist Chords */;
			targetProxy = 659D3ACF207BB053001EB2F8 /* PBXContainerItemProxy */;
		};
/* End PBXTargetDependency section */

/* Begin PBXVariantGroup section */
		659D3AB6207BB051001EB2F8 /* Main.storyboard */ = {
			isa = PBXVariantGroup;
			children = (
				659D3AB7207BB051001EB2F8 /* Base */,
			);
			name = Main.storyboard;
			sourceTree = "<group>";
		};
		659D3ABB207BB052001EB2F8 /* LaunchScreen.storyboard */ = {
			isa = PBXVariantGroup;
			children = (
				659D3ABC207BB052001EB2F8 /* Base */,
			);
			name = LaunchScreen.storyboard;
			sourceTree = "<group>";
		};
		65CF614E20917171003AD55A /* Localizable.strings */ = {
			isa = PBXVariantGroup;
			children = (
				65CF6151209171F2003AD55A /* Base */,
				6573AD952091729E004171EC /* vi */,
			);
			name = Localizable.strings;
			sourceTree = "<group>";
		};
		65D30B6C209F558C00CA0A6D /* InfoPlist.strings */ = {
			isa = PBXVariantGroup;
			children = (
				65D30B6D209F558C00CA0A6D /* vi */,
			);
			name = InfoPlist.strings;
			sourceTree = "<group>";
		};
		65D30B6F209F558C00CA0A6D /* InfoPlist.strings */ = {
			isa = PBXVariantGroup;
			children = (
				65D30B70209F558C00CA0A6D /* vi */,
			);
			name = InfoPlist.strings;
			sourceTree = "<group>";
		};
		65E5B3E22092B65C0040BD48 /* InfoPlist.strings */ = {
			isa = PBXVariantGroup;
			children = (
				65E5B3E32092B65C0040BD48 /* vi */,
			);
			name = InfoPlist.strings;
			sourceTree = "<group>";
		};
/* End PBXVariantGroup section */

/* Begin XCBuildConfiguration section */
		659D3AD5207BB053001EB2F8 /* Debug */ = {
			isa = XCBuildConfiguration;
			buildSettings = {
				ALWAYS_SEARCH_USER_PATHS = NO;
				CLANG_ANALYZER_LOCALIZABILITY_NONLOCALIZED = YES;
				CLANG_ANALYZER_NONNULL = YES;
				CLANG_ANALYZER_NUMBER_OBJECT_CONVERSION = YES_AGGRESSIVE;
				CLANG_CXX_LANGUAGE_STANDARD = "gnu++14";
				CLANG_CXX_LIBRARY = "libc++";
				CLANG_ENABLE_MODULES = YES;
				CLANG_ENABLE_OBJC_ARC = YES;
				CLANG_ENABLE_OBJC_WEAK = YES;
				CLANG_WARN_BLOCK_CAPTURE_AUTORELEASING = YES;
				CLANG_WARN_BOOL_CONVERSION = YES;
				CLANG_WARN_COMMA = YES;
				CLANG_WARN_CONSTANT_CONVERSION = YES;
				CLANG_WARN_DEPRECATED_OBJC_IMPLEMENTATIONS = YES;
				CLANG_WARN_DIRECT_OBJC_ISA_USAGE = YES_ERROR;
				CLANG_WARN_DOCUMENTATION_COMMENTS = YES;
				CLANG_WARN_EMPTY_BODY = YES;
				CLANG_WARN_ENUM_CONVERSION = YES;
				CLANG_WARN_INFINITE_RECURSION = YES;
				CLANG_WARN_INT_CONVERSION = YES;
				CLANG_WARN_NON_LITERAL_NULL_CONVERSION = YES;
				CLANG_WARN_OBJC_IMPLICIT_RETAIN_SELF = YES;
				CLANG_WARN_OBJC_LITERAL_CONVERSION = YES;
				CLANG_WARN_OBJC_ROOT_CLASS = YES_ERROR;
				CLANG_WARN_RANGE_LOOP_ANALYSIS = YES;
				CLANG_WARN_STRICT_PROTOTYPES = YES;
				CLANG_WARN_SUSPICIOUS_MOVE = YES;
				CLANG_WARN_UNGUARDED_AVAILABILITY = YES_AGGRESSIVE;
				CLANG_WARN_UNREACHABLE_CODE = YES;
				CLANG_WARN__DUPLICATE_METHOD_MATCH = YES;
				CODE_SIGN_IDENTITY = "iPhone Developer";
				COPY_PHASE_STRIP = NO;
				DEBUG_INFORMATION_FORMAT = dwarf;
				ENABLE_STRICT_OBJC_MSGSEND = YES;
				ENABLE_TESTABILITY = YES;
				GCC_C_LANGUAGE_STANDARD = gnu11;
				GCC_DYNAMIC_NO_PIC = NO;
				GCC_NO_COMMON_BLOCKS = YES;
				GCC_OPTIMIZATION_LEVEL = 0;
				GCC_PREPROCESSOR_DEFINITIONS = (
					"DEBUG=1",
					"$(inherited)",
				);
				GCC_WARN_64_TO_32_BIT_CONVERSION = YES;
				GCC_WARN_ABOUT_RETURN_TYPE = YES_ERROR;
				GCC_WARN_UNDECLARED_SELECTOR = YES;
				GCC_WARN_UNINITIALIZED_AUTOS = YES_AGGRESSIVE;
				GCC_WARN_UNUSED_FUNCTION = YES;
				GCC_WARN_UNUSED_VARIABLE = YES;
				IPHONEOS_DEPLOYMENT_TARGET = 11.3;
				MTL_ENABLE_DEBUG_INFO = YES;
				ONLY_ACTIVE_ARCH = YES;
				SDKROOT = iphoneos;
				SWIFT_ACTIVE_COMPILATION_CONDITIONS = DEBUG;
				SWIFT_OPTIMIZATION_LEVEL = "-Onone";
			};
			name = Debug;
		};
		659D3AD6207BB053001EB2F8 /* Release */ = {
			isa = XCBuildConfiguration;
			buildSettings = {
				ALWAYS_SEARCH_USER_PATHS = NO;
				CLANG_ANALYZER_LOCALIZABILITY_NONLOCALIZED = YES;
				CLANG_ANALYZER_NONNULL = YES;
				CLANG_ANALYZER_NUMBER_OBJECT_CONVERSION = YES_AGGRESSIVE;
				CLANG_CXX_LANGUAGE_STANDARD = "gnu++14";
				CLANG_CXX_LIBRARY = "libc++";
				CLANG_ENABLE_MODULES = YES;
				CLANG_ENABLE_OBJC_ARC = YES;
				CLANG_ENABLE_OBJC_WEAK = YES;
				CLANG_WARN_BLOCK_CAPTURE_AUTORELEASING = YES;
				CLANG_WARN_BOOL_CONVERSION = YES;
				CLANG_WARN_COMMA = YES;
				CLANG_WARN_CONSTANT_CONVERSION = YES;
				CLANG_WARN_DEPRECATED_OBJC_IMPLEMENTATIONS = YES;
				CLANG_WARN_DIRECT_OBJC_ISA_USAGE = YES_ERROR;
				CLANG_WARN_DOCUMENTATION_COMMENTS = YES;
				CLANG_WARN_EMPTY_BODY = YES;
				CLANG_WARN_ENUM_CONVERSION = YES;
				CLANG_WARN_INFINITE_RECURSION = YES;
				CLANG_WARN_INT_CONVERSION = YES;
				CLANG_WARN_NON_LITERAL_NULL_CONVERSION = YES;
				CLANG_WARN_OBJC_IMPLICIT_RETAIN_SELF = YES;
				CLANG_WARN_OBJC_LITERAL_CONVERSION = YES;
				CLANG_WARN_OBJC_ROOT_CLASS = YES_ERROR;
				CLANG_WARN_RANGE_LOOP_ANALYSIS = YES;
				CLANG_WARN_STRICT_PROTOTYPES = YES;
				CLANG_WARN_SUSPICIOUS_MOVE = YES;
				CLANG_WARN_UNGUARDED_AVAILABILITY = YES_AGGRESSIVE;
				CLANG_WARN_UNREACHABLE_CODE = YES;
				CLANG_WARN__DUPLICATE_METHOD_MATCH = YES;
				CODE_SIGN_IDENTITY = "iPhone Developer";
				COPY_PHASE_STRIP = NO;
				DEBUG_INFORMATION_FORMAT = "dwarf-with-dsym";
				ENABLE_NS_ASSERTIONS = NO;
				ENABLE_STRICT_OBJC_MSGSEND = YES;
				GCC_C_LANGUAGE_STANDARD = gnu11;
				GCC_NO_COMMON_BLOCKS = YES;
				GCC_WARN_64_TO_32_BIT_CONVERSION = YES;
				GCC_WARN_ABOUT_RETURN_TYPE = YES_ERROR;
				GCC_WARN_UNDECLARED_SELECTOR = YES;
				GCC_WARN_UNINITIALIZED_AUTOS = YES_AGGRESSIVE;
				GCC_WARN_UNUSED_FUNCTION = YES;
				GCC_WARN_UNUSED_VARIABLE = YES;
				IPHONEOS_DEPLOYMENT_TARGET = 11.3;
				MTL_ENABLE_DEBUG_INFO = NO;
				SDKROOT = iphoneos;
				SWIFT_COMPILATION_MODE = wholemodule;
				SWIFT_OPTIMIZATION_LEVEL = "-O";
				VALIDATE_PRODUCT = YES;
			};
			name = Release;
		};
		659D3AD8207BB053001EB2F8 /* Debug */ = {
			isa = XCBuildConfiguration;
			baseConfigurationReference = B39746B72D6FB97012F9754F /* Pods-Buddhist Chords.debug.xcconfig */;
			buildSettings = {
				ASSETCATALOG_COMPILER_APPICON_NAME = AppIcon;
				CODE_SIGN_STYLE = Automatic;
				CURRENT_PROJECT_VERSION = 5;
				DEBUG_INFORMATION_FORMAT = "dwarf-with-dsym";
				DEVELOPMENT_TEAM = D326JWPLAC;
				INFOPLIST_FILE = "Buddhist Chords/Info.plist";
				IPHONEOS_DEPLOYMENT_TARGET = 9.0;
				LD_RUNPATH_SEARCH_PATHS = (
					"$(inherited)",
					"@executable_path/Frameworks",
				);
				PRODUCT_BUNDLE_IDENTIFIER = "com.iossimple.Buddhist-Chords";
				PRODUCT_NAME = "$(TARGET_NAME)";
				SWIFT_VERSION = 4.0;
				TARGETED_DEVICE_FAMILY = "1,2";
				VERSIONING_SYSTEM = "apple-generic";
			};
			name = Debug;
		};
		659D3AD9207BB053001EB2F8 /* Release */ = {
			isa = XCBuildConfiguration;
			baseConfigurationReference = 6D3EC3BCC4B7AE57A5398645 /* Pods-Buddhist Chords.release.xcconfig */;
			buildSettings = {
				ASSETCATALOG_COMPILER_APPICON_NAME = AppIcon;
				CODE_SIGN_STYLE = Automatic;
				CURRENT_PROJECT_VERSION = 5;
				DEVELOPMENT_TEAM = D326JWPLAC;
				INFOPLIST_FILE = "Buddhist Chords/Info.plist";
				IPHONEOS_DEPLOYMENT_TARGET = 9.0;
				LD_RUNPATH_SEARCH_PATHS = (
					"$(inherited)",
					"@executable_path/Frameworks",
				);
				PRODUCT_BUNDLE_IDENTIFIER = "com.iossimple.Buddhist-Chords";
				PRODUCT_NAME = "$(TARGET_NAME)";
				SWIFT_VERSION = 4.0;
				TARGETED_DEVICE_FAMILY = "1,2";
				VERSIONING_SYSTEM = "apple-generic";
			};
			name = Release;
		};
		659D3ADB207BB053001EB2F8 /* Debug */ = {
			isa = XCBuildConfiguration;
			baseConfigurationReference = 3B0DE4D5E190ECF51DB2EBE2 /* Pods-Buddhist ChordsTests.debug.xcconfig */;
			buildSettings = {
				ALWAYS_EMBED_SWIFT_STANDARD_LIBRARIES = YES;
				BUNDLE_LOADER = "$(TEST_HOST)";
				CODE_SIGN_STYLE = Automatic;
				DEVELOPMENT_TEAM = D326JWPLAC;
				INFOPLIST_FILE = "Buddhist ChordsTests/Info.plist";
				LD_RUNPATH_SEARCH_PATHS = (
					"$(inherited)",
					"@executable_path/Frameworks",
					"@loader_path/Frameworks",
				);
				PRODUCT_BUNDLE_IDENTIFIER = "com.iossimple.Buddhist-ChordsTests";
				PRODUCT_NAME = "$(TARGET_NAME)";
				SWIFT_VERSION = 4.0;
				TARGETED_DEVICE_FAMILY = "1,2";
				TEST_HOST = "$(BUILT_PRODUCTS_DIR)/Buddhist Chords.app/Buddhist Chords";
			};
			name = Debug;
		};
		659D3ADC207BB053001EB2F8 /* Release */ = {
			isa = XCBuildConfiguration;
			baseConfigurationReference = DFBFF889E575ADE057B38D67 /* Pods-Buddhist ChordsTests.release.xcconfig */;
			buildSettings = {
				ALWAYS_EMBED_SWIFT_STANDARD_LIBRARIES = YES;
				BUNDLE_LOADER = "$(TEST_HOST)";
				CODE_SIGN_STYLE = Automatic;
				DEVELOPMENT_TEAM = D326JWPLAC;
				INFOPLIST_FILE = "Buddhist ChordsTests/Info.plist";
				LD_RUNPATH_SEARCH_PATHS = (
					"$(inherited)",
					"@executable_path/Frameworks",
					"@loader_path/Frameworks",
				);
				PRODUCT_BUNDLE_IDENTIFIER = "com.iossimple.Buddhist-ChordsTests";
				PRODUCT_NAME = "$(TARGET_NAME)";
				SWIFT_VERSION = 4.0;
				TARGETED_DEVICE_FAMILY = "1,2";
				TEST_HOST = "$(BUILT_PRODUCTS_DIR)/Buddhist Chords.app/Buddhist Chords";
			};
			name = Release;
		};
		659D3ADE207BB053001EB2F8 /* Debug */ = {
			isa = XCBuildConfiguration;
			baseConfigurationReference = 18B7B89F97AF5DF1CDA458A5 /* Pods-Buddhist ChordsUITests.debug.xcconfig */;
			buildSettings = {
				ALWAYS_EMBED_SWIFT_STANDARD_LIBRARIES = YES;
				CODE_SIGN_STYLE = Automatic;
				DEVELOPMENT_TEAM = D326JWPLAC;
				INFOPLIST_FILE = "Buddhist ChordsUITests/Info.plist";
				LD_RUNPATH_SEARCH_PATHS = (
					"$(inherited)",
					"@executable_path/Frameworks",
					"@loader_path/Frameworks",
				);
				PRODUCT_BUNDLE_IDENTIFIER = "com.iossimple.Buddhist-ChordsUITests";
				PRODUCT_NAME = "$(TARGET_NAME)";
				SWIFT_VERSION = 4.0;
				TARGETED_DEVICE_FAMILY = "1,2";
				TEST_TARGET_NAME = "Buddhist Chords";
			};
			name = Debug;
		};
		659D3ADF207BB053001EB2F8 /* Release */ = {
			isa = XCBuildConfiguration;
			baseConfigurationReference = D863956532734076DCA4B1CC /* Pods-Buddhist ChordsUITests.release.xcconfig */;
			buildSettings = {
				ALWAYS_EMBED_SWIFT_STANDARD_LIBRARIES = YES;
				CODE_SIGN_STYLE = Automatic;
				DEVELOPMENT_TEAM = D326JWPLAC;
				INFOPLIST_FILE = "Buddhist ChordsUITests/Info.plist";
				LD_RUNPATH_SEARCH_PATHS = (
					"$(inherited)",
					"@executable_path/Frameworks",
					"@loader_path/Frameworks",
				);
				PRODUCT_BUNDLE_IDENTIFIER = "com.iossimple.Buddhist-ChordsUITests";
				PRODUCT_NAME = "$(TARGET_NAME)";
				SWIFT_VERSION = 4.0;
				TARGETED_DEVICE_FAMILY = "1,2";
				TEST_TARGET_NAME = "Buddhist Chords";
			};
			name = Release;
		};
/* End XCBuildConfiguration section */

/* Begin XCConfigurationList section */
		659D3AAA207BB051001EB2F8 /* Build configuration list for PBXProject "Buddhist Chords" */ = {
			isa = XCConfigurationList;
			buildConfigurations = (
				659D3AD5207BB053001EB2F8 /* Debug */,
				659D3AD6207BB053001EB2F8 /* Release */,
			);
			defaultConfigurationIsVisible = 0;
			defaultConfigurationName = Release;
		};
		659D3AD7207BB053001EB2F8 /* Build configuration list for PBXNativeTarget "Buddhist Chords" */ = {
			isa = XCConfigurationList;
			buildConfigurations = (
				659D3AD8207BB053001EB2F8 /* Debug */,
				659D3AD9207BB053001EB2F8 /* Release */,
			);
			defaultConfigurationIsVisible = 0;
			defaultConfigurationName = Release;
		};
		659D3ADA207BB053001EB2F8 /* Build configuration list for PBXNativeTarget "Buddhist ChordsTests" */ = {
			isa = XCConfigurationList;
			buildConfigurations = (
				659D3ADB207BB053001EB2F8 /* Debug */,
				659D3ADC207BB053001EB2F8 /* Release */,
			);
			defaultConfigurationIsVisible = 0;
			defaultConfigurationName = Release;
		};
		659D3ADD207BB053001EB2F8 /* Build configuration list for PBXNativeTarget "Buddhist ChordsUITests" */ = {
			isa = XCConfigurationList;
			buildConfigurations = (
				659D3ADE207BB053001EB2F8 /* Debug */,
				659D3ADF207BB053001EB2F8 /* Release */,
			);
			defaultConfigurationIsVisible = 0;
			defaultConfigurationName = Release;
		};
/* End XCConfigurationList section */
	};
	rootObject = 659D3AA7207BB051001EB2F8 /* Project object */;
}
